{"1.2.0",
[{<<"jiffy">>,{pkg,<<"jiffy">>,<<"1.1.1">>},0},
 {<<"websocket_client">>,{pkg,<<"websocket_client">>,<<"1.5.0">>},0}]}.
[
{pkg_hash,[
 {<<"jiffy">>, <<"ACA10F47AA91697BF24AB9582C74E00E8E95474C7EF9F76D4F1A338D0F5DE21B">>},
 {<<"websocket_client">>, <<"E825F23C51A867681A222148ED5200CC4A12E4FB5FF0B0B35963E916E2B5766B">>}]},
{pkg_hash_ext,[
 {<<"jiffy">>, <<"62E1F0581C3C19C33A725C781DFA88410D8BFF1BBAFC3885A2552286B4785C4C">>},
 {<<"websocket_client">>, <<"2B9B201CC5C82B9D4E6966AD8E605832EAB8F4DDB39F57AC62F34CB208B68DE9">>}]}
].
